// !$*UTF8*$!
{
	archiveVersion = 1;
	classes = {
	};
	objectVersion = 46;
	objects = {

/* Begin PBXBuildFile section */
		7D0C502318F8CA02001898A0 /* Foundation.framework in Frameworks */ = {isa = PBXBuildFile; fileRef = 7D0C502218F8CA02001898A0 /* Foundation.framework */; };
		7D0C502518F8CA02001898A0 /* CoreGraphics.framework in Frameworks */ = {isa = PBXBuildFile; fileRef = 7D0C502418F8CA02001898A0 /* CoreGraphics.framework */; };
		7D0C502718F8CA02001898A0 /* UIKit.framework in Frameworks */ = {isa = PBXBuildFile; fileRef = 7D0C502618F8CA02001898A0 /* UIKit.framework */; };
		7D0C502D18F8CA02001898A0 /* InfoPlist.strings in Resources */ = {isa = PBXBuildFile; fileRef = 7D0C502B18F8CA02001898A0 /* InfoPlist.strings */; };
		7D0C502F18F8CA02001898A0 /* main.m in Sources */ = {isa = PBXBuildFile; fileRef = 7D0C502E18F8CA02001898A0 /* main.m */; };
		7D0C503318F8CA02001898A0 /* AppDelegate.m in Sources */ = {isa = PBXBuildFile; fileRef = 7D0C503218F8CA02001898A0 /* AppDelegate.m */; };
		7D0C503618F8CA02001898A0 /* Main_iPhone.storyboard in Resources */ = {isa = PBXBuildFile; fileRef = 7D0C503418F8CA02001898A0 /* Main_iPhone.storyboard */; };
		7D0C503918F8CA02001898A0 /* Main_iPad.storyboard in Resources */ = {isa = PBXBuildFile; fileRef = 7D0C503718F8CA02001898A0 /* Main_iPad.storyboard */; };
		7D0C503C18F8CA02001898A0 /* ViewController.m in Sources */ = {isa = PBXBuildFile; fileRef = 7D0C503B18F8CA02001898A0 /* ViewController.m */; };
		7D0C503E18F8CA02001898A0 /* Images.xcassets in Resources */ = {isa = PBXBuildFile; fileRef = 7D0C503D18F8CA02001898A0 /* Images.xcassets */; };
		7D0C504518F8CA02001898A0 /* XCTest.framework in Frameworks */ = {isa = PBXBuildFile; fileRef = 7D0C504418F8CA02001898A0 /* XCTest.framework */; };
		7D0C504618F8CA02001898A0 /* Foundation.framework in Frameworks */ = {isa = PBXBuildFile; fileRef = 7D0C502218F8CA02001898A0 /* Foundation.framework */; };
		7D0C504718F8CA02001898A0 /* UIKit.framework in Frameworks */ = {isa = PBXBuildFile; fileRef = 7D0C502618F8CA02001898A0 /* UIKit.framework */; };
		7D0C504F18F8CA02001898A0 /* InfoPlist.strings in Resources */ = {isa = PBXBuildFile; fileRef = 7D0C504D18F8CA02001898A0 /* InfoPlist.strings */; };
		7D0C505118F8CA02001898A0 /* XML_testTests.m in Sources */ = {isa = PBXBuildFile; fileRef = 7D0C505018F8CA02001898A0 /* XML_testTests.m */; };
		7D0C505F18F8CBC9001898A0 /* TRBookXmlParser.m in Sources */ = {isa = PBXBuildFile; fileRef = 7D0C505E18F8CBC9001898A0 /* TRBookXmlParser.m */; };
		7D0C506118F8CF12001898A0 /* forecastrss.xml in Resources */ = {isa = PBXBuildFile; fileRef = 7D0C506018F8CF12001898A0 /* forecastrss.xml */; };
		7D0C506418F8D4C8001898A0 /* ZFWeather.m in Sources */ = {isa = PBXBuildFile; fileRef = 7D0C506318F8D4C8001898A0 /* ZFWeather.m */; };
		7D3341C918FBD131002DB13D /* sunny.png in Resources */ = {isa = PBXBuildFile; fileRef = 7D3341C818FBD131002DB13D /* sunny.png */; };
		7D3FAF7618FE7B53006FA8DA /* Factory.txt in Resources */ = {isa = PBXBuildFile; fileRef = 7D3FAF7518FE7B53006FA8DA /* Factory.txt */; };
		7D5E8E5118F9100000B48095 /* woeidPaser.m in Sources */ = {isa = PBXBuildFile; fileRef = 7D5E8E5018F9100000B48095 /* woeidPaser.m */; };
/* End PBXBuildFile section */

/* Begin PBXContainerItemProxy section */
		7D0C504818F8CA02001898A0 /* PBXContainerItemProxy */ = {
			isa = PBXContainerItemProxy;
			containerPortal = 7D0C501718F8CA02001898A0 /* Project object */;
			proxyType = 1;
			remoteGlobalIDString = 7D0C501E18F8CA02001898A0;
			remoteInfo = XML_test;
		};
/* End PBXContainerItemProxy section */

/* Begin PBXFileReference section */
		7D0C501F18F8CA02001898A0 /* XML_test.app */ = {isa = PBXFileReference; explicitFileType = wrapper.application; includeInIndex = 0; path = XML_test.app; sourceTree = BUILT_PRODUCTS_DIR; };
		7D0C502218F8CA02001898A0 /* Foundation.framework */ = {isa = PBXFileReference; lastKnownFileType = wrapper.framework; name = Foundation.framework; path = System/Library/Frameworks/Foundation.framework; sourceTree = SDKROOT; };
		7D0C502418F8CA02001898A0 /* CoreGraphics.framework */ = {isa = PBXFileReference; lastKnownFileType = wrapper.framework; name = CoreGraphics.framework; path = System/Library/Frameworks/CoreGraphics.framework; sourceTree = SDKROOT; };
		7D0C502618F8CA02001898A0 /* UIKit.framework */ = {isa = PBXFileReference; lastKnownFileType = wrapper.framework; name = UIKit.framework; path = System/Library/Frameworks/UIKit.framework; sourceTree = SDKROOT; };
		7D0C502A18F8CA02001898A0 /* XML_test-Info.plist */ = {isa = PBXFileReference; lastKnownFileType = text.plist.xml; path = "XML_test-Info.plist"; sourceTree = "<group>"; };
		7D0C502C18F8CA02001898A0 /* en */ = {isa = PBXFileReference; lastKnownFileType = text.plist.strings; name = en; path = en.lproj/InfoPlist.strings; sourceTree = "<group>"; };
		7D0C502E18F8CA02001898A0 /* main.m */ = {isa = PBXFileReference; lastKnownFileType = sourcecode.c.objc; path = main.m; sourceTree = "<group>"; };
		7D0C503018F8CA02001898A0 /* XML_test-Prefix.pch */ = {isa = PBXFileReference; lastKnownFileType = sourcecode.c.h; path = "XML_test-Prefix.pch"; sourceTree = "<group>"; };
		7D0C503118F8CA02001898A0 /* AppDelegate.h */ = {isa = PBXFileReference; lastKnownFileType = sourcecode.c.h; path = AppDelegate.h; sourceTree = "<group>"; };
		7D0C503218F8CA02001898A0 /* AppDelegate.m */ = {isa = PBXFileReference; lastKnownFileType = sourcecode.c.objc; path = AppDelegate.m; sourceTree = "<group>"; };
		7D0C503518F8CA02001898A0 /* Base */ = {isa = PBXFileReference; lastKnownFileType = file.storyboard; name = Base; path = Base.lproj/Main_iPhone.storyboard; sourceTree = "<group>"; };
		7D0C503818F8CA02001898A0 /* Base */ = {isa = PBXFileReference; lastKnownFileType = file.storyboard; name = Base; path = Base.lproj/Main_iPad.storyboard; sourceTree = "<group>"; };
		7D0C503A18F8CA02001898A0 /* ViewController.h */ = {isa = PBXFileReference; lastKnownFileType = sourcecode.c.h; path = ViewController.h; sourceTree = "<group>"; };
		7D0C503B18F8CA02001898A0 /* ViewController.m */ = {isa = PBXFileReference; lastKnownFileType = sourcecode.c.objc; path = ViewController.m; sourceTree = "<group>"; };
		7D0C503D18F8CA02001898A0 /* Images.xcassets */ = {isa = PBXFileReference; lastKnownFileType = folder.assetcatalog; path = Images.xcassets; sourceTree = "<group>"; };
		7D0C504318F8CA02001898A0 /* XML_testTests.xctest */ = {isa = PBXFileReference; explicitFileType = wrapper.cfbundle; includeInIndex = 0; path = XML_testTests.xctest; sourceTree = BUILT_PRODUCTS_DIR; };
		7D0C504418F8CA02001898A0 /* XCTest.framework */ = {isa = PBXFileReference; lastKnownFileType = wrapper.framework; name = XCTest.framework; path = Library/Frameworks/XCTest.framework; sourceTree = DEVELOPER_DIR; };
		7D0C504C18F8CA02001898A0 /* XML_testTests-Info.plist */ = {isa = PBXFileReference; lastKnownFileType = text.plist.xml; path = "XML_testTests-Info.plist"; sourceTree = "<group>"; };
		7D0C504E18F8CA02001898A0 /* en */ = {isa = PBXFileReference; lastKnownFileType = text.plist.strings; name = en; path = en.lproj/InfoPlist.strings; sourceTree = "<group>"; };
		7D0C505018F8CA02001898A0 /* XML_testTests.m */ = {isa = PBXFileReference; lastKnownFileType = sourcecode.c.objc; path = XML_testTests.m; sourceTree = "<group>"; };
		7D0C505D18F8CBC9001898A0 /* TRBookXmlParser.h */ = {isa = PBXFileReference; fileEncoding = 4; lastKnownFileType = sourcecode.c.h; path = TRBookXmlParser.h; sourceTree = "<group>"; };
		7D0C505E18F8CBC9001898A0 /* TRBookXmlParser.m */ = {isa = PBXFileReference; fileEncoding = 4; lastKnownFileType = sourcecode.c.objc; path = TRBookXmlParser.m; sourceTree = "<group>"; };
		7D0C506018F8CF12001898A0 /* forecastrss.xml */ = {isa = PBXFileReference; fileEncoding = 4; lastKnownFileType = text.xml; name = forecastrss.xml; path = ../../../Downloads/forecastrss.xml; sourceTree = "<group>"; };
		7D0C506218F8D4C8001898A0 /* ZFWeather.h */ = {isa = PBXFileReference; fileEncoding = 4; lastKnownFileType = sourcecode.c.h; path = ZFWeather.h; sourceTree = "<group>"; };
		7D0C506318F8D4C8001898A0 /* ZFWeather.m */ = {isa = PBXFileReference; fileEncoding = 4; lastKnownFileType = sourcecode.c.objc; path = ZFWeather.m; sourceTree = "<group>"; };
		7D3341C818FBD131002DB13D /* sunny.png */ = {isa = PBXFileReference; lastKnownFileType = image.png; name = sunny.png; path = ../../../Desktop/sunny.png; sourceTree = "<group>"; };
		7D3FAF7218FE6915006FA8DA /* passValueDelegate.h */ = {isa = PBXFileReference; lastKnownFileType = sourcecode.c.h; path = passValueDelegate.h; sourceTree = "<group>"; };
		7D3FAF7518FE7B53006FA8DA /* Factory.txt */ = {isa = PBXFileReference; fileEncoding = 4; lastKnownFileType = text; path = Factory.txt; sourceTree = "<group>"; };
		7D5E8E4F18F9100000B48095 /* woeidPaser.h */ = {isa = PBXFileReference; fileEncoding = 4; lastKnownFileType = sourcecode.c.h; path = woeidPaser.h; sourceTree = "<group>"; };
		7D5E8E5018F9100000B48095 /* woeidPaser.m */ = {isa = PBXFileReference; fileEncoding = 4; lastKnownFileType = sourcecode.c.objc; path = woeidPaser.m; sourceTree = "<group>"; };
/* End PBXFileReference section */

/* Begin PBXFrameworksBuildPhase section */
		7D0C501C18F8CA02001898A0 /* Frameworks */ = {
			isa = PBXFrameworksBuildPhase;
			buildActionMask = 2147483647;
			files = (
				7D0C502518F8CA02001898A0 /* CoreGraphics.framework in Frameworks */,
				7D0C502718F8CA02001898A0 /* UIKit.framework in Frameworks */,
				7D0C502318F8CA02001898A0 /* Foundation.framework in Frameworks */,
			);
			runOnlyForDeploymentPostprocessing = 0;
		};
		7D0C504018F8CA02001898A0 /* Frameworks */ = {
			isa = PBXFrameworksBuildPhase;
			buildActionMask = 2147483647;
			files = (
				7D0C504518F8CA02001898A0 /* XCTest.framework in Frameworks */,
				7D0C504718F8CA02001898A0 /* UIKit.framework in Frameworks */,
				7D0C504618F8CA02001898A0 /* Foundation.framework in Frameworks */,
			);
			runOnlyForDeploymentPostprocessing = 0;
		};
/* End PBXFrameworksBuildPhase section */

/* Begin PBXGroup section */
		7D0C501618F8CA02001898A0 = {
			isa = PBXGroup;
			children = (
				7D3FAF7218FE6915006FA8DA /* passValueDelegate.h */,
				7D0C502818F8CA02001898A0 /* XML_test */,
				7D3341CA18FBF3A8002DB13D /* Resource */,
				7D0C504A18F8CA02001898A0 /* XML_testTests */,
				7D0C502118F8CA02001898A0 /* Frameworks */,
				7D0C502018F8CA02001898A0 /* Products */,
			);
			sourceTree = "<group>";
		};
		7D0C502018F8CA02001898A0 /* Products */ = {
			isa = PBXGroup;
			children = (
				7D0C501F18F8CA02001898A0 /* XML_test.app */,
				7D0C504318F8CA02001898A0 /* XML_testTests.xctest */,
			);
			name = Products;
			sourceTree = "<group>";
		};
		7D0C502118F8CA02001898A0 /* Frameworks */ = {
			isa = PBXGroup;
			children = (
				7D0C502218F8CA02001898A0 /* Foundation.framework */,
				7D0C502418F8CA02001898A0 /* CoreGraphics.framework */,
				7D0C502618F8CA02001898A0 /* UIKit.framework */,
				7D0C504418F8CA02001898A0 /* XCTest.framework */,
			);
			name = Frameworks;
			sourceTree = "<group>";
		};
		7D0C502818F8CA02001898A0 /* XML_test */ = {
			isa = PBXGroup;
			children = (
				7D0C503118F8CA02001898A0 /* AppDelegate.h */,
				7D0C503218F8CA02001898A0 /* AppDelegate.m */,
				7D0C506218F8D4C8001898A0 /* ZFWeather.h */,
				7D0C506318F8D4C8001898A0 /* ZFWeather.m */,
				7D0C505D18F8CBC9001898A0 /* TRBookXmlParser.h */,
				7D0C505E18F8CBC9001898A0 /* TRBookXmlParser.m */,
				7D5E8E4F18F9100000B48095 /* woeidPaser.h */,
				7D5E8E5018F9100000B48095 /* woeidPaser.m */,
				7D0C503418F8CA02001898A0 /* Main_iPhone.storyboard */,
				7D0C503718F8CA02001898A0 /* Main_iPad.storyboard */,
				7D0C503A18F8CA02001898A0 /* ViewController.h */,
				7D0C503B18F8CA02001898A0 /* ViewController.m */,
				7D0C503D18F8CA02001898A0 /* Images.xcassets */,
				7D0C502918F8CA02001898A0 /* Supporting Files */,
			);
			path = XML_test;
			sourceTree = "<group>";
		};
		7D0C502918F8CA02001898A0 /* Supporting Files */ = {
			isa = PBXGroup;
			children = (
				7D0C506018F8CF12001898A0 /* forecastrss.xml */,
				7D0C502A18F8CA02001898A0 /* XML_test-Info.plist */,
				7D0C502B18F8CA02001898A0 /* InfoPlist.strings */,
				7D0C502E18F8CA02001898A0 /* main.m */,
				7D0C503018F8CA02001898A0 /* XML_test-Prefix.pch */,
			);
			name = "Supporting Files";
			sourceTree = "<group>";
		};
		7D0C504A18F8CA02001898A0 /* XML_testTests */ = {
			isa = PBXGroup;
			children = (
				7D0C505018F8CA02001898A0 /* XML_testTests.m */,
				7D0C504B18F8CA02001898A0 /* Supporting Files */,
			);
			path = XML_testTests;
			sourceTree = "<group>";
		};
		7D0C504B18F8CA02001898A0 /* Supporting Files */ = {
			isa = PBXGroup;
			children = (
				7D0C504C18F8CA02001898A0 /* XML_testTests-Info.plist */,
				7D0C504D18F8CA02001898A0 /* InfoPlist.strings */,
			);
			name = "Supporting Files";
			sourceTree = "<group>";
		};
		7D3341CA18FBF3A8002DB13D /* Resource */ = {
			isa = PBXGroup;
			children = (
				7D3FAF7518FE7B53006FA8DA /* Factory.txt */,
				7D3341C818FBD131002DB13D /* sunny.png */,
			);
			name = Resource;
			path = XML_test;
			sourceTree = "<group>";
		};
/* End PBXGroup section */

/* Begin PBXNativeTarget section */
		7D0C501E18F8CA02001898A0 /* XML_test */ = {
			isa = PBXNativeTarget;
			buildConfigurationList = 7D0C505418F8CA02001898A0 /* Build configuration list for PBXNativeTarget "XML_test" */;
			buildPhases = (
				7D0C501B18F8CA02001898A0 /* Sources */,
				7D0C501C18F8CA02001898A0 /* Frameworks */,
				7D0C501D18F8CA02001898A0 /* Resources */,
			);
			buildRules = (
			);
			dependencies = (
			);
			name = XML_test;
			productName = XML_test;
			productReference = 7D0C501F18F8CA02001898A0 /* XML_test.app */;
			productType = "com.apple.product-type.application";
		};
		7D0C504218F8CA02001898A0 /* XML_testTests */ = {
			isa = PBXNativeTarget;
			buildConfigurationList = 7D0C505718F8CA02001898A0 /* Build configuration list for PBXNativeTarget "XML_testTests" */;
			buildPhases = (
				7D0C503F18F8CA02001898A0 /* Sources */,
				7D0C504018F8CA02001898A0 /* Frameworks */,
				7D0C504118F8CA02001898A0 /* Resources */,
			);
			buildRules = (
			);
			dependencies = (
				7D0C504918F8CA02001898A0 /* PBXTargetDependency */,
			);
			name = XML_testTests;
			productName = XML_testTests;
			productReference = 7D0C504318F8CA02001898A0 /* XML_testTests.xctest */;
			productType = "com.apple.product-type.bundle.unit-test";
		};
/* End PBXNativeTarget section */

/* Begin PBXProject section */
		7D0C501718F8CA02001898A0 /* Project object */ = {
			isa = PBXProject;
			attributes = {
				LastUpgradeCheck = 0510;
				ORGANIZATIONNAME = "___FULLUSERNAME___";
				TargetAttributes = {
					7D0C504218F8CA02001898A0 = {
						TestTargetID = 7D0C501E18F8CA02001898A0;
					};
				};
			};
			buildConfigurationList = 7D0C501A18F8CA02001898A0 /* Build configuration list for PBXProject "XML_test" */;
			compatibilityVersion = "Xcode 3.2";
			developmentRegion = English;
			hasScannedForEncodings = 0;
			knownRegions = (
				en,
				Base,
			);
			mainGroup = 7D0C501618F8CA02001898A0;
			productRefGroup = 7D0C502018F8CA02001898A0 /* Products */;
			projectDirPath = "";
			projectRoot = "";
			targets = (
				7D0C501E18F8CA02001898A0 /* XML_test */,
				7D0C504218F8CA02001898A0 /* XML_testTests */,
			);
		};
/* End PBXProject section */

/* Begin PBXResourcesBuildPhase section */
		7D0C501D18F8CA02001898A0 /* Resources */ = {
			isa = PBXResourcesBuildPhase;
			buildActionMask = 2147483647;
			files = (
				7D0C503918F8CA02001898A0 /* Main_iPad.storyboard in Resources */,
				7D3341C918FBD131002DB13D /* sunny.png in Resources */,
				7D3FAF7618FE7B53006FA8DA /* Factory.txt in Resources */,
				7D0C503E18F8CA02001898A0 /* Images.xcassets in Resources */,
				7D0C503618F8CA02001898A0 /* Main_iPhone.storyboard in Resources */,
				7D0C502D18F8CA02001898A0 /* InfoPlist.strings in Resources */,
				7D0C506118F8CF12001898A0 /* forecastrss.xml in Resources */,
			);
			runOnlyForDeploymentPostprocessing = 0;
		};
		7D0C504118F8CA02001898A0 /* Resources */ = {
			isa = PBXResourcesBuildPhase;
			buildActionMask = 2147483647;
			files = (
				7D0C504F18F8CA02001898A0 /* InfoPlist.strings in Resources */,
			);
			runOnlyForDeploymentPostprocessing = 0;
		};
/* End PBXResourcesBuildPhase section */

/* Begin PBXSourcesBuildPhase section */
		7D0C501B18F8CA02001898A0 /* Sources */ = {
			isa = PBXSourcesBuildPhase;
			buildActionMask = 2147483647;
			files = (
				7D5E8E5118F9100000B48095 /* woeidPaser.m in Sources */,
				7D0C506418F8D4C8001898A0 /* ZFWeather.m in Sources */,
				7D0C503C18F8CA02001898A0 /* ViewController.m in Sources */,
				7D0C503318F8CA02001898A0 /* AppDelegate.m in Sources */,
				7D0C505F18F8CBC9001898A0 /* TRBookXmlParser.m in Sources */,
				7D0C502F18F8CA02001898A0 /* main.m in Sources */,
			);
			runOnlyForDeploymentPostprocessing = 0;
		};
		7D0C503F18F8CA02001898A0 /* Sources */ = {
			isa = PBXSourcesBuildPhase;
			buildActionMask = 2147483647;
			files = (
				7D0C505118F8CA02001898A0 /* XML_testTests.m in Sources */,
			);
			runOnlyForDeploymentPostprocessing = 0;
		};
/* End PBXSourcesBuildPhase section */

/* Begin PBXTargetDependency section */
		7D0C504918F8CA02001898A0 /* PBXTargetDependency */ = {
			isa = PBXTargetDependency;
			target = 7D0C501E18F8CA02001898A0 /* XML_test */;
			targetProxy = 7D0C504818F8CA02001898A0 /* PBXContainerItemProxy */;
		};
/* End PBXTargetDependency section */

/* Begin PBXVariantGroup section */
		7D0C502B18F8CA02001898A0 /* InfoPlist.strings */ = {
			isa = PBXVariantGroup;
			children = (
				7D0C502C18F8CA02001898A0 /* en */,
			);
			name = InfoPlist.strings;
			sourceTree = "<group>";
		};
		7D0C503418F8CA02001898A0 /* Main_iPhone.storyboard */ = {
			isa = PBXVariantGroup;
			children = (
				7D0C503518F8CA02001898A0 /* Base */,
			);
			name = Main_iPhone.storyboard;
			sourceTree = "<group>";
		};
		7D0C503718F8CA02001898A0 /* Main_iPad.storyboard */ = {
			isa = PBXVariantGroup;
			children = (
				7D0C503818F8CA02001898A0 /* Base */,
			);
			name = Main_iPad.storyboard;
			sourceTree = "<group>";
		};
		7D0C504D18F8CA02001898A0 /* InfoPlist.strings */ = {
			isa = PBXVariantGroup;
			children = (
				7D0C504E18F8CA02001898A0 /* en */,
			);
			name = InfoPlist.strings;
			sourceTree = "<group>";
		};
/* End PBXVariantGroup section */

/* Begin XCBuildConfiguration section */
		7D0C505218F8CA02001898A0 /* Debug */ = {
			isa = XCBuildConfiguration;
			buildSettings = {
				ALWAYS_SEARCH_USER_PATHS = NO;
				CLANG_CXX_LANGUAGE_STANDARD = "gnu++0x";
				CLANG_CXX_LIBRARY = "libc++";
				CLANG_ENABLE_MODULES = YES;
				CLANG_ENABLE_OBJC_ARC = YES;
				CLANG_WARN_BOOL_CONVERSION = YES;
				CLANG_WARN_CONSTANT_CONVERSION = YES;
				CLANG_WARN_DIRECT_OBJC_ISA_USAGE = YES_ERROR;
				CLANG_WARN_EMPTY_BODY = YES;
				CLANG_WARN_ENUM_CONVERSION = YES;
				CLANG_WARN_INT_CONVERSION = YES;
				CLANG_WARN_OBJC_ROOT_CLASS = YES_ERROR;
				CLANG_WARN__DUPLICATE_METHOD_MATCH = YES;
				"CODE_SIGN_IDENTITY[sdk=iphoneos*]" = "iPhone Developer";
				COPY_PHASE_STRIP = NO;
				GCC_C_LANGUAGE_STANDARD = gnu99;
				GCC_DYNAMIC_NO_PIC = NO;
				GCC_OPTIMIZATION_LEVEL = 0;
				GCC_PREPROCESSOR_DEFINITIONS = (
					"DEBUG=1",
					"$(inherited)",
				);
				GCC_SYMBOLS_PRIVATE_EXTERN = NO;
				GCC_WARN_64_TO_32_BIT_CONVERSION = YES;
				GCC_WARN_ABOUT_RETURN_TYPE = YES_ERROR;
				GCC_WARN_UNDECLARED_SELECTOR = YES;
				GCC_WARN_UNINITIALIZED_AUTOS = YES_AGGRESSIVE;
				GCC_WARN_UNUSED_FUNCTION = YES;
				GCC_WARN_UNUSED_VARIABLE = YES;
				IPHONEOS_DEPLOYMENT_TARGET = 7.1;
				ONLY_ACTIVE_ARCH = YES;
				SDKROOT = iphoneos;
				TARGETED_DEVICE_FAMILY = "1,2";
			};
			name = Debug;
		};
		7D0C505318F8CA02001898A0 /* Release */ = {
			isa = XCBuildConfiguration;
			buildSettings = {
				ALWAYS_SEARCH_USER_PATHS = NO;
				CLANG_CXX_LANGUAGE_STANDARD = "gnu++0x";
				CLANG_CXX_LIBRARY = "libc++";
				CLANG_ENABLE_MODULES = YES;
				CLANG_ENABLE_OBJC_ARC = YES;
				CLANG_WARN_BOOL_CONVERSION = YES;
				CLANG_WARN_CONSTANT_CONVERSION = YES;
				CLANG_WARN_DIRECT_OBJC_ISA_USAGE = YES_ERROR;
				CLANG_WARN_EMPTY_BODY = YES;
				CLANG_WARN_ENUM_CONVERSION = YES;
				CLANG_WARN_INT_CONVERSION = YES;
				CLANG_WARN_OBJC_ROOT_CLASS = YES_ERROR;
				CLANG_WARN__DUPLICATE_METHOD_MATCH = YES;
				"CODE_SIGN_IDENTITY[sdk=iphoneos*]" = "iPhone Developer";
				COPY_PHASE_STRIP = YES;
				ENABLE_NS_ASSERTIONS = NO;
				GCC_C_LANGUAGE_STANDARD = gnu99;
				GCC_WARN_64_TO_32_BIT_CONVERSION = YES;
				GCC_WARN_ABOUT_RETURN_TYPE = YES_ERROR;
				GCC_WARN_UNDECLARED_SELECTOR = YES;
				GCC_WARN_UNINITIALIZED_AUTOS = YES_AGGRESSIVE;
				GCC_WARN_UNUSED_FUNCTION = YES;
				GCC_WARN_UNUSED_VARIABLE = YES;
				IPHONEOS_DEPLOYMENT_TARGET = 7.1;
				SDKROOT = iphoneos;
				TARGETED_DEVICE_FAMILY = "1,2";
				VALIDATE_PRODUCT = YES;
			};
			name = Release;
		};
		7D0C505518F8CA02001898A0 /* Debug */ = {
			isa = XCBuildConfiguration;
			buildSettings = {
				ASSETCATALOG_COMPILER_APPICON_NAME = AppIcon;
				ASSETCATALOG_COMPILER_LAUNCHIMAGE_NAME = LaunchImage;
				CODE_SIGN_IDENTITY = "iPhone Developer: Liang Zhenjing (TCURZGDR4X)";
				GCC_PRECOMPILE_PREFIX_HEADER = YES;
				GCC_PREFIX_HEADER = "XML_test/XML_test-Prefix.pch";
				INFOPLIST_FILE = "XML_test/XML_test-Info.plist";
				IPHONEOS_DEPLOYMENT_TARGET = 7.0;
				PRODUCT_NAME = "$(TARGET_NAME)";
				PROVISIONING_PROFILE = "";
				SDKROOT = iphoneos;
				WRAPPER_EXTENSION = app;
			};
			name = Debug;
		};
		7D0C505618F8CA02001898A0 /* Release */ = {
			isa = XCBuildConfiguration;
			buildSettings = {
				ASSETCATALOG_COMPILER_APPICON_NAME = AppIcon;
				ASSETCATALOG_COMPILER_LAUNCHIMAGE_NAME = LaunchImage;
				CODE_SIGN_IDENTITY = "iPhone Developer: Liang Zhenjing (TCURZGDR4X)";
				GCC_PRECOMPILE_PREFIX_HEADER = YES;
				GCC_PREFIX_HEADER = "XML_test/XML_test-Prefix.pch";
				INFOPLIST_FILE = "XML_test/XML_test-Info.plist";
				IPHONEOS_DEPLOYMENT_TARGET = 7.0;
				PRODUCT_NAME = "$(TARGET_NAME)";
				PROVISIONING_PROFILE = "";
				SDKROOT = iphoneos;
				WRAPPER_EXTENSION = app;
			};
			name = Release;
		};
		7D0C505818F8CA02001898A0 /* Debug */ = {
			isa = XCBuildConfiguration;
			buildSettings = {
				BUNDLE_LOADER = "$(BUILT_PRODUCTS_DIR)/XML_test.app/XML_test";
				FRAMEWORK_SEARCH_PATHS = (
					"$(SDKROOT)/Developer/Library/Frameworks",
					"$(inherited)",
					"$(DEVELOPER_FRAMEWORKS_DIR)",
				);
				GCC_PRECOMPILE_PREFIX_HEADER = YES;
				GCC_PREFIX_HEADER = "XML_test/XML_test-Prefix.pch";
				GCC_PREPROCESSOR_DEFINITIONS = (
					"DEBUG=1",
					"$(inherited)",
				);
				INFOPLIST_FILE = "XML_testTests/XML_testTests-Info.plist";
				PRODUCT_NAME = "$(TARGET_NAME)";
				TEST_HOST = "$(BUNDLE_LOADER)";
				WRAPPER_EXTENSION = xctest;
			};
			name = Debug;
		};
		7D0C505918F8CA02001898A0 /* Release */ = {
			isa = XCBuildConfiguration;
			buildSettings = {
				BUNDLE_LOADER = "$(BUILT_PRODUCTS_DIR)/XML_test.app/XML_test";
				FRAMEWORK_SEARCH_PATHS = (
					"$(SDKROOT)/Developer/Library/Frameworks",
					"$(inherited)",
					"$(DEVELOPER_FRAMEWORKS_DIR)",
				);
				GCC_PRECOMPILE_PREFIX_HEADER = YES;
				GCC_PREFIX_HEADER = "XML_test/XML_test-Prefix.pch";
				INFOPLIST_FILE = "XML_testTests/XML_testTests-Info.plist";
				PRODUCT_NAME = "$(TARGET_NAME)";
				TEST_HOST = "$(BUNDLE_LOADER)";
				WRAPPER_EXTENSION = xctest;
			};
			name = Release;
		};
/* End XCBuildConfiguration section */

/* Begin XCConfigurationList section */
		7D0C501A18F8CA02001898A0 /* Build configuration list for PBXProject "XML_test" */ = {
			isa = XCConfigurationList;
			buildConfigurations = (
				7D0C505218F8CA02001898A0 /* Debug */,
				7D0C505318F8CA02001898A0 /* Release */,
			);
			defaultConfigurationIsVisible = 0;
			defaultConfigurationName = Release;
		};
		7D0C505418F8CA02001898A0 /* Build configuration list for PBXNativeTarget "XML_test" */ = {
			isa = XCConfigurationList;
			buildConfigurations = (
				7D0C505518F8CA02001898A0 /* Debug */,
				7D0C505618F8CA02001898A0 /* Release */,
			);
			defaultConfigurationIsVisible = 0;
			defaultConfigurationName = Release;
		};
		7D0C505718F8CA02001898A0 /* Build configuration list for PBXNativeTarget "XML_testTests" */ = {
			isa = XCConfigurationList;
			buildConfigurations = (
				7D0C505818F8CA02001898A0 /* Debug */,
				7D0C505918F8CA02001898A0 /* Release */,
			);
			defaultConfigurationIsVisible = 0;
			defaultConfigurationName = Release;
		};
/* End XCConfigurationList section */
	};
	rootObject = 7D0C501718F8CA02001898A0 /* Project object */;
}
